// !$*UTF8*$!
{
	archiveVersion = 1;
	classes = {
	};
	objectVersion = 46;
	objects = {

/* Begin PBXBuildFile section */
		B00CAA1916E3EF8A009FABC0 /* ROBKPhoto.m in Sources */ = {isa = PBXBuildFile; fileRef = B00CAA1816E3EF8A009FABC0 /* ROBKPhoto.m */; };
		B00CAA1C16E3F047009FABC0 /* ROBKPhoto+ROBKAdditions.m in Sources */ = {isa = PBXBuildFile; fileRef = B00CAA1B16E3F047009FABC0 /* ROBKPhoto+ROBKAdditions.m */; };
		B00CAA2116E3F5D2009FABC0 /* ISO8601DateFormatter.m in Sources */ = {isa = PBXBuildFile; fileRef = B00CAA1F16E3F5D2009FABC0 /* ISO8601DateFormatter.m */; settings = {COMPILER_FLAGS = "-fno-objc-arc"; }; };
		B02E078416E3864400C6A12E /* UIKit.framework in Frameworks */ = {isa = PBXBuildFile; fileRef = B02E078316E3864400C6A12E /* UIKit.framework */; };
		B02E078616E3864400C6A12E /* Foundation.framework in Frameworks */ = {isa = PBXBuildFile; fileRef = B02E078516E3864400C6A12E /* Foundation.framework */; };
		B02E078816E3864400C6A12E /* CoreGraphics.framework in Frameworks */ = {isa = PBXBuildFile; fileRef = B02E078716E3864400C6A12E /* CoreGraphics.framework */; };
		B02E078E16E3864400C6A12E /* InfoPlist.strings in Resources */ = {isa = PBXBuildFile; fileRef = B02E078C16E3864400C6A12E /* InfoPlist.strings */; };
		B02E079016E3864400C6A12E /* main.m in Sources */ = {isa = PBXBuildFile; fileRef = B02E078F16E3864400C6A12E /* main.m */; };
		B02E079416E3864400C6A12E /* ROBKAppDelegate.m in Sources */ = {isa = PBXBuildFile; fileRef = B02E079316E3864400C6A12E /* ROBKAppDelegate.m */; };
		B02E079616E3864400C6A12E /* Default.png in Resources */ = {isa = PBXBuildFile; fileRef = B02E079516E3864400C6A12E /* Default.png */; };
		B02E079816E3864400C6A12E /* Default@2x.png in Resources */ = {isa = PBXBuildFile; fileRef = B02E079716E3864400C6A12E /* Default@2x.png */; };
		B02E079A16E3864400C6A12E /* Default-568h@2x.png in Resources */ = {isa = PBXBuildFile; fileRef = B02E079916E3864400C6A12E /* Default-568h@2x.png */; };
		B02E079D16E3864400C6A12E /* MainStoryboard.storyboard in Resources */ = {isa = PBXBuildFile; fileRef = B02E079B16E3864400C6A12E /* MainStoryboard.storyboard */; };
		B02E07A016E3864400C6A12E /* ROBKMasterViewController.m in Sources */ = {isa = PBXBuildFile; fileRef = B02E079F16E3864400C6A12E /* ROBKMasterViewController.m */; };
		B02E07A316E3864400C6A12E /* ROBKDetailViewController.m in Sources */ = {isa = PBXBuildFile; fileRef = B02E07A216E3864400C6A12E /* ROBKDetailViewController.m */; };
		B02E07AB16E3870E00C6A12E /* XcodePics.xcdatamodeld in Sources */ = {isa = PBXBuildFile; fileRef = B02E07A916E3870E00C6A12E /* XcodePics.xcdatamodeld */; };
		B02E07B416E3878900C6A12E /* _DCTCDSManagedObjectContext.m in Sources */ = {isa = PBXBuildFile; fileRef = B02E07AF16E3878900C6A12E /* _DCTCDSManagedObjectContext.m */; };
		B02E07B516E3878900C6A12E /* DCTCoreDataStack.m in Sources */ = {isa = PBXBuildFile; fileRef = B02E07B116E3878900C6A12E /* DCTCoreDataStack.m */; };
		B02E07B616E3878900C6A12E /* NSManagedObjectContext+DCTCoreDataStack.m in Sources */ = {isa = PBXBuildFile; fileRef = B02E07B316E3878900C6A12E /* NSManagedObjectContext+DCTCoreDataStack.m */; };
		B02E07C516E399EB00C6A12E /* ESHTTPOperation.m in Sources */ = {isa = PBXBuildFile; fileRef = B02E07BC16E399EB00C6A12E /* ESHTTPOperation.m */; };
		B02E07C616E399EB00C6A12E /* ESJSONOperation.m in Sources */ = {isa = PBXBuildFile; fileRef = B02E07BE16E399EB00C6A12E /* ESJSONOperation.m */; };
		B02E07C716E399EB00C6A12E /* ESRunLoopOperation.m in Sources */ = {isa = PBXBuildFile; fileRef = B02E07C116E399EB00C6A12E /* ESRunLoopOperation.m */; };
		B02E07C816E399EB00C6A12E /* NSMutableURLRequest+ESNetworking.m in Sources */ = {isa = PBXBuildFile; fileRef = B02E07C316E399EB00C6A12E /* NSMutableURLRequest+ESNetworking.m */; };
		B02E07CC16E39D7400C6A12E /* ROBKDatabaseUpdater.m in Sources */ = {isa = PBXBuildFile; fileRef = B02E07CB16E39D7400C6A12E /* ROBKDatabaseUpdater.m */; };
		B02E07CE16E39FA800C6A12E /* CoreData.framework in Frameworks */ = {isa = PBXBuildFile; fileRef = B02E07CD16E39FA800C6A12E /* CoreData.framework */; };
/* End PBXBuildFile section */

/* Begin PBXFileReference section */
		B00CAA1716E3EF8A009FABC0 /* ROBKPhoto.h */ = {isa = PBXFileReference; fileEncoding = 4; lastKnownFileType = sourcecode.c.h; path = ROBKPhoto.h; sourceTree = "<group>"; };
		B00CAA1816E3EF8A009FABC0 /* ROBKPhoto.m */ = {isa = PBXFileReference; fileEncoding = 4; lastKnownFileType = sourcecode.c.objc; path = ROBKPhoto.m; sourceTree = "<group>"; };
		B00CAA1A16E3F047009FABC0 /* ROBKPhoto+ROBKAdditions.h */ = {isa = PBXFileReference; fileEncoding = 4; lastKnownFileType = sourcecode.c.h; path = "ROBKPhoto+ROBKAdditions.h"; sourceTree = "<group>"; };
		B00CAA1B16E3F047009FABC0 /* ROBKPhoto+ROBKAdditions.m */ = {isa = PBXFileReference; fileEncoding = 4; lastKnownFileType = sourcecode.c.objc; path = "ROBKPhoto+ROBKAdditions.m"; sourceTree = "<group>"; };
		B00CAA1E16E3F5D2009FABC0 /* ISO8601DateFormatter.h */ = {isa = PBXFileReference; fileEncoding = 4; lastKnownFileType = sourcecode.c.h; path = ISO8601DateFormatter.h; sourceTree = "<group>"; };
		B00CAA1F16E3F5D2009FABC0 /* ISO8601DateFormatter.m */ = {isa = PBXFileReference; fileEncoding = 4; lastKnownFileType = sourcecode.c.objc; path = ISO8601DateFormatter.m; sourceTree = "<group>"; };
		B00CAA2016E3F5D2009FABC0 /* LICENSE.txt */ = {isa = PBXFileReference; fileEncoding = 4; lastKnownFileType = text; path = LICENSE.txt; sourceTree = "<group>"; };
		B02E078016E3864400C6A12E /* XcodePics.app */ = {isa = PBXFileReference; explicitFileType = wrapper.application; includeInIndex = 0; path = XcodePics.app; sourceTree = BUILT_PRODUCTS_DIR; };
		B02E078316E3864400C6A12E /* UIKit.framework */ = {isa = PBXFileReference; lastKnownFileType = wrapper.framework; name = UIKit.framework; path = System/Library/Frameworks/UIKit.framework; sourceTree = SDKROOT; };
		B02E078516E3864400C6A12E /* Foundation.framework */ = {isa = PBXFileReference; lastKnownFileType = wrapper.framework; name = Foundation.framework; path = System/Library/Frameworks/Foundation.framework; sourceTree = SDKROOT; };
		B02E078716E3864400C6A12E /* CoreGraphics.framework */ = {isa = PBXFileReference; lastKnownFileType = wrapper.framework; name = CoreGraphics.framework; path = System/Library/Frameworks/CoreGraphics.framework; sourceTree = SDKROOT; };
		B02E078B16E3864400C6A12E /* XcodePics-Info.plist */ = {isa = PBXFileReference; lastKnownFileType = text.plist.xml; path = "XcodePics-Info.plist"; sourceTree = "<group>"; };
		B02E078D16E3864400C6A12E /* en */ = {isa = PBXFileReference; lastKnownFileType = text.plist.strings; name = en; path = en.lproj/InfoPlist.strings; sourceTree = "<group>"; };
		B02E078F16E3864400C6A12E /* main.m */ = {isa = PBXFileReference; lastKnownFileType = sourcecode.c.objc; path = main.m; sourceTree = "<group>"; };
		B02E079116E3864400C6A12E /* XcodePics-Prefix.pch */ = {isa = PBXFileReference; lastKnownFileType = sourcecode.c.h; path = "XcodePics-Prefix.pch"; sourceTree = "<group>"; };
		B02E079216E3864400C6A12E /* ROBKAppDelegate.h */ = {isa = PBXFileReference; lastKnownFileType = sourcecode.c.h; path = ROBKAppDelegate.h; sourceTree = "<group>"; };
		B02E079316E3864400C6A12E /* ROBKAppDelegate.m */ = {isa = PBXFileReference; lastKnownFileType = sourcecode.c.objc; path = ROBKAppDelegate.m; sourceTree = "<group>"; };
		B02E079516E3864400C6A12E /* Default.png */ = {isa = PBXFileReference; lastKnownFileType = image.png; path = Default.png; sourceTree = "<group>"; };
		B02E079716E3864400C6A12E /* Default@2x.png */ = {isa = PBXFileReference; lastKnownFileType = image.png; path = "Default@2x.png"; sourceTree = "<group>"; };
		B02E079916E3864400C6A12E /* Default-568h@2x.png */ = {isa = PBXFileReference; lastKnownFileType = image.png; path = "Default-568h@2x.png"; sourceTree = "<group>"; };
		B02E079C16E3864400C6A12E /* en */ = {isa = PBXFileReference; lastKnownFileType = file.storyboard; name = en; path = en.lproj/MainStoryboard.storyboard; sourceTree = "<group>"; };
		B02E079E16E3864400C6A12E /* ROBKMasterViewController.h */ = {isa = PBXFileReference; lastKnownFileType = sourcecode.c.h; path = ROBKMasterViewController.h; sourceTree = "<group>"; };
		B02E079F16E3864400C6A12E /* ROBKMasterViewController.m */ = {isa = PBXFileReference; lastKnownFileType = sourcecode.c.objc; path = ROBKMasterViewController.m; sourceTree = "<group>"; };
		B02E07A116E3864400C6A12E /* ROBKDetailViewController.h */ = {isa = PBXFileReference; lastKnownFileType = sourcecode.c.h; path = ROBKDetailViewController.h; sourceTree = "<group>"; };
		B02E07A216E3864400C6A12E /* ROBKDetailViewController.m */ = {isa = PBXFileReference; lastKnownFileType = sourcecode.c.objc; path = ROBKDetailViewController.m; sourceTree = "<group>"; };
		B02E07AA16E3870E00C6A12E /* XcodePics.xcdatamodel */ = {isa = PBXFileReference; lastKnownFileType = wrapper.xcdatamodel; path = XcodePics.xcdatamodel; sourceTree = "<group>"; };
		B02E07AE16E3878900C6A12E /* _DCTCDSManagedObjectContext.h */ = {isa = PBXFileReference; fileEncoding = 4; lastKnownFileType = sourcecode.c.h; path = _DCTCDSManagedObjectContext.h; sourceTree = "<group>"; };
		B02E07AF16E3878900C6A12E /* _DCTCDSManagedObjectContext.m */ = {isa = PBXFileReference; fileEncoding = 4; lastKnownFileType = sourcecode.c.objc; path = _DCTCDSManagedObjectContext.m; sourceTree = "<group>"; };
		B02E07B016E3878900C6A12E /* DCTCoreDataStack.h */ = {isa = PBXFileReference; fileEncoding = 4; lastKnownFileType = sourcecode.c.h; path = DCTCoreDataStack.h; sourceTree = "<group>"; };
		B02E07B116E3878900C6A12E /* DCTCoreDataStack.m */ = {isa = PBXFileReference; fileEncoding = 4; lastKnownFileType = sourcecode.c.objc; path = DCTCoreDataStack.m; sourceTree = "<group>"; };
		B02E07B216E3878900C6A12E /* NSManagedObjectContext+DCTCoreDataStack.h */ = {isa = PBXFileReference; fileEncoding = 4; lastKnownFileType = sourcecode.c.h; path = "NSManagedObjectContext+DCTCoreDataStack.h"; sourceTree = "<group>"; };
		B02E07B316E3878900C6A12E /* NSManagedObjectContext+DCTCoreDataStack.m */ = {isa = PBXFileReference; fileEncoding = 4; lastKnownFileType = sourcecode.c.objc; path = "NSManagedObjectContext+DCTCoreDataStack.m"; sourceTree = "<group>"; };
		B02E07B716E393B700C6A12E /* license.txt */ = {isa = PBXFileReference; fileEncoding = 4; lastKnownFileType = text; path = license.txt; sourceTree = "<group>"; };
		B02E07BB16E399EB00C6A12E /* ESHTTPOperation.h */ = {isa = PBXFileReference; fileEncoding = 4; lastKnownFileType = sourcecode.c.h; path = ESHTTPOperation.h; sourceTree = "<group>"; };
		B02E07BC16E399EB00C6A12E /* ESHTTPOperation.m */ = {isa = PBXFileReference; fileEncoding = 4; lastKnownFileType = sourcecode.c.objc; path = ESHTTPOperation.m; sourceTree = "<group>"; };
		B02E07BD16E399EB00C6A12E /* ESJSONOperation.h */ = {isa = PBXFileReference; fileEncoding = 4; lastKnownFileType = sourcecode.c.h; path = ESJSONOperation.h; sourceTree = "<group>"; };
		B02E07BE16E399EB00C6A12E /* ESJSONOperation.m */ = {isa = PBXFileReference; fileEncoding = 4; lastKnownFileType = sourcecode.c.objc; path = ESJSONOperation.m; sourceTree = "<group>"; };
		B02E07BF16E399EB00C6A12E /* ESNetworkError.h */ = {isa = PBXFileReference; fileEncoding = 4; lastKnownFileType = sourcecode.c.h; path = ESNetworkError.h; sourceTree = "<group>"; };
		B02E07C016E399EB00C6A12E /* ESRunLoopOperation.h */ = {isa = PBXFileReference; fileEncoding = 4; lastKnownFileType = sourcecode.c.h; path = ESRunLoopOperation.h; sourceTree = "<group>"; };
		B02E07C116E399EB00C6A12E /* ESRunLoopOperation.m */ = {isa = PBXFileReference; fileEncoding = 4; lastKnownFileType = sourcecode.c.objc; path = ESRunLoopOperation.m; sourceTree = "<group>"; };
		B02E07C216E399EB00C6A12E /* NSMutableURLRequest+ESNetworking.h */ = {isa = PBXFileReference; fileEncoding = 4; lastKnownFileType = sourcecode.c.h; path = "NSMutableURLRequest+ESNetworking.h"; sourceTree = "<group>"; };
		B02E07C316E399EB00C6A12E /* NSMutableURLRequest+ESNetworking.m */ = {isa = PBXFileReference; fileEncoding = 4; lastKnownFileType = sourcecode.c.objc; path = "NSMutableURLRequest+ESNetworking.m"; sourceTree = "<group>"; };
		B02E07C416E399EB00C6A12E /* README */ = {isa = PBXFileReference; fileEncoding = 4; lastKnownFileType = text; path = README; sourceTree = "<group>"; };
		B02E07CA16E39D7400C6A12E /* ROBKDatabaseUpdater.h */ = {isa = PBXFileReference; fileEncoding = 4; lastKnownFileType = sourcecode.c.h; path = ROBKDatabaseUpdater.h; sourceTree = "<group>"; };
		B02E07CB16E39D7400C6A12E /* ROBKDatabaseUpdater.m */ = {isa = PBXFileReference; fileEncoding = 4; lastKnownFileType = sourcecode.c.objc; path = ROBKDatabaseUpdater.m; sourceTree = "<group>"; };
		B02E07CD16E39FA800C6A12E /* CoreData.framework */ = {isa = PBXFileReference; lastKnownFileType = wrapper.framework; name = CoreData.framework; path = System/Library/Frameworks/CoreData.framework; sourceTree = SDKROOT; };
/* End PBXFileReference section */

/* Begin PBXFrameworksBuildPhase section */
		B02E077D16E3864400C6A12E /* Frameworks */ = {
			isa = PBXFrameworksBuildPhase;
			buildActionMask = 2147483647;
			files = (
				B02E07CE16E39FA800C6A12E /* CoreData.framework in Frameworks */,
				B02E078416E3864400C6A12E /* UIKit.framework in Frameworks */,
				B02E078616E3864400C6A12E /* Foundation.framework in Frameworks */,
				B02E078816E3864400C6A12E /* CoreGraphics.framework in Frameworks */,
			);
			runOnlyForDeploymentPostprocessing = 0;
		};
/* End PBXFrameworksBuildPhase section */

/* Begin PBXGroup section */
		B00CAA1616E3EF27009FABC0 /* Models */ = {
			isa = PBXGroup;
			children = (
				B00CAA1716E3EF8A009FABC0 /* ROBKPhoto.h */,
				B00CAA1816E3EF8A009FABC0 /* ROBKPhoto.m */,
				B00CAA1A16E3F047009FABC0 /* ROBKPhoto+ROBKAdditions.h */,
				B00CAA1B16E3F047009FABC0 /* ROBKPhoto+ROBKAdditions.m */,
			);
			path = Models;
			sourceTree = "<group>";
		};
		B00CAA1D16E3F5B8009FABC0 /* iso-8601-date-formatter */ = {
			isa = PBXGroup;
			children = (
				B00CAA1E16E3F5D2009FABC0 /* ISO8601DateFormatter.h */,
				B00CAA1F16E3F5D2009FABC0 /* ISO8601DateFormatter.m */,
				B00CAA2016E3F5D2009FABC0 /* LICENSE.txt */,
			);
			path = "iso-8601-date-formatter";
			sourceTree = "<group>";
		};
		B02E077716E3864400C6A12E = {
			isa = PBXGroup;
			children = (
				B02E07AC16E3874700C6A12E /* 3rdParty */,
				B02E078916E3864400C6A12E /* XcodePics */,
				B02E078216E3864400C6A12E /* Frameworks */,
				B02E078116E3864400C6A12E /* Products */,
			);
			sourceTree = "<group>";
		};
		B02E078116E3864400C6A12E /* Products */ = {
			isa = PBXGroup;
			children = (
				B02E078016E3864400C6A12E /* XcodePics.app */,
			);
			name = Products;
			sourceTree = "<group>";
		};
		B02E078216E3864400C6A12E /* Frameworks */ = {
			isa = PBXGroup;
			children = (
				B02E07CD16E39FA800C6A12E /* CoreData.framework */,
				B02E078316E3864400C6A12E /* UIKit.framework */,
				B02E078516E3864400C6A12E /* Foundation.framework */,
				B02E078716E3864400C6A12E /* CoreGraphics.framework */,
			);
			name = Frameworks;
			sourceTree = "<group>";
		};
		B02E078916E3864400C6A12E /* XcodePics */ = {
			isa = PBXGroup;
			children = (
				B00CAA1616E3EF27009FABC0 /* Models */,
				B02E07B916E3973400C6A12E /* DatabaseUpdater */,
				B02E079216E3864400C6A12E /* ROBKAppDelegate.h */,
				B02E079316E3864400C6A12E /* ROBKAppDelegate.m */,
				B02E079B16E3864400C6A12E /* MainStoryboard.storyboard */,
				B02E079E16E3864400C6A12E /* ROBKMasterViewController.h */,
				B02E079F16E3864400C6A12E /* ROBKMasterViewController.m */,
				B02E07A116E3864400C6A12E /* ROBKDetailViewController.h */,
				B02E07A216E3864400C6A12E /* ROBKDetailViewController.m */,
				B02E078A16E3864400C6A12E /* Supporting Files */,
			);
			path = XcodePics;
			sourceTree = "<group>";
		};
		B02E078A16E3864400C6A12E /* Supporting Files */ = {
			isa = PBXGroup;
			children = (
				B02E078B16E3864400C6A12E /* XcodePics-Info.plist */,
				B02E078C16E3864400C6A12E /* InfoPlist.strings */,
				B02E078F16E3864400C6A12E /* main.m */,
				B02E079116E3864400C6A12E /* XcodePics-Prefix.pch */,
				B02E079516E3864400C6A12E /* Default.png */,
				B02E079716E3864400C6A12E /* Default@2x.png */,
				B02E079916E3864400C6A12E /* Default-568h@2x.png */,
				B02E07A916E3870E00C6A12E /* XcodePics.xcdatamodeld */,
			);
			name = "Supporting Files";
			sourceTree = "<group>";
		};
		B02E07AC16E3874700C6A12E /* 3rdParty */ = {
			isa = PBXGroup;
			children = (
				B00CAA1D16E3F5B8009FABC0 /* iso-8601-date-formatter */,
				B02E07BA16E399EB00C6A12E /* ESNetworking */,
				B02E07AD16E3878900C6A12E /* DCTCoreDataStack */,
			);
			path = 3rdParty;
			sourceTree = "<group>";
		};
		B02E07AD16E3878900C6A12E /* DCTCoreDataStack */ = {
			isa = PBXGroup;
			children = (
				B02E07AE16E3878900C6A12E /* _DCTCDSManagedObjectContext.h */,
				B02E07AF16E3878900C6A12E /* _DCTCDSManagedObjectContext.m */,
				B02E07B016E3878900C6A12E /* DCTCoreDataStack.h */,
				B02E07B116E3878900C6A12E /* DCTCoreDataStack.m */,
				B02E07B216E3878900C6A12E /* NSManagedObjectContext+DCTCoreDataStack.h */,
				B02E07B316E3878900C6A12E /* NSManagedObjectContext+DCTCoreDataStack.m */,
				B02E07B716E393B700C6A12E /* license.txt */,
			);
			path = DCTCoreDataStack;
			sourceTree = "<group>";
		};
		B02E07B916E3973400C6A12E /* DatabaseUpdater */ = {
			isa = PBXGroup;
			children = (
				B02E07CA16E39D7400C6A12E /* ROBKDatabaseUpdater.h */,
				B02E07CB16E39D7400C6A12E /* ROBKDatabaseUpdater.m */,
			);
			path = DatabaseUpdater;
			sourceTree = "<group>";
		};
		B02E07BA16E399EB00C6A12E /* ESNetworking */ = {
			isa = PBXGroup;
			children = (
				B02E07BB16E399EB00C6A12E /* ESHTTPOperation.h */,
				B02E07BC16E399EB00C6A12E /* ESHTTPOperation.m */,
				B02E07BD16E399EB00C6A12E /* ESJSONOperation.h */,
				B02E07BE16E399EB00C6A12E /* ESJSONOperation.m */,
				B02E07BF16E399EB00C6A12E /* ESNetworkError.h */,
				B02E07C016E399EB00C6A12E /* ESRunLoopOperation.h */,
				B02E07C116E399EB00C6A12E /* ESRunLoopOperation.m */,
				B02E07C216E399EB00C6A12E /* NSMutableURLRequest+ESNetworking.h */,
				B02E07C316E399EB00C6A12E /* NSMutableURLRequest+ESNetworking.m */,
				B02E07C416E399EB00C6A12E /* README */,
			);
			path = ESNetworking;
			sourceTree = "<group>";
		};
/* End PBXGroup section */

/* Begin PBXNativeTarget section */
		B02E077F16E3864400C6A12E /* XcodePics */ = {
			isa = PBXNativeTarget;
			buildConfigurationList = B02E07A616E3864400C6A12E /* Build configuration list for PBXNativeTarget "XcodePics" */;
			buildPhases = (
				B02E077C16E3864400C6A12E /* Sources */,
				B02E077D16E3864400C6A12E /* Frameworks */,
				B02E077E16E3864400C6A12E /* Resources */,
			);
			buildRules = (
			);
			dependencies = (
			);
			name = XcodePics;
			productName = XcodePics;
			productReference = B02E078016E3864400C6A12E /* XcodePics.app */;
			productType = "com.apple.product-type.application";
		};
/* End PBXNativeTarget section */

/* Begin PBXProject section */
		B02E077816E3864400C6A12E /* Project object */ = {
			isa = PBXProject;
			attributes = {
				CLASSPREFIX = ROBK;
				LastUpgradeCheck = 0460;
				ORGANIZATIONNAME = RobotK;
			};
			buildConfigurationList = B02E077B16E3864400C6A12E /* Build configuration list for PBXProject "XcodePics" */;
			compatibilityVersion = "Xcode 3.2";
			developmentRegion = English;
			hasScannedForEncodings = 0;
			knownRegions = (
				en,
			);
			mainGroup = B02E077716E3864400C6A12E;
			productRefGroup = B02E078116E3864400C6A12E /* Products */;
			projectDirPath = "";
			projectRoot = "";
			targets = (
				B02E077F16E3864400C6A12E /* XcodePics */,
			);
		};
/* End PBXProject section */

/* Begin PBXResourcesBuildPhase section */
		B02E077E16E3864400C6A12E /* Resources */ = {
			isa = PBXResourcesBuildPhase;
			buildActionMask = 2147483647;
			files = (
				B02E078E16E3864400C6A12E /* InfoPlist.strings in Resources */,
				B02E079616E3864400C6A12E /* Default.png in Resources */,
				B02E079816E3864400C6A12E /* Default@2x.png in Resources */,
				B02E079A16E3864400C6A12E /* Default-568h@2x.png in Resources */,
				B02E079D16E3864400C6A12E /* MainStoryboard.storyboard in Resources */,
			);
			runOnlyForDeploymentPostprocessing = 0;
		};
/* End PBXResourcesBuildPhase section */

/* Begin PBXSourcesBuildPhase section */
		B02E077C16E3864400C6A12E /* Sources */ = {
			isa = PBXSourcesBuildPhase;
			buildActionMask = 2147483647;
			files = (
				B02E079016E3864400C6A12E /* main.m in Sources */,
				B02E079416E3864400C6A12E /* ROBKAppDelegate.m in Sources */,
				B02E07A016E3864400C6A12E /* ROBKMasterViewController.m in Sources */,
				B02E07A316E3864400C6A12E /* ROBKDetailViewController.m in Sources */,
				B02E07AB16E3870E00C6A12E /* XcodePics.xcdatamodeld in Sources */,
				B02E07B416E3878900C6A12E /* _DCTCDSManagedObjectContext.m in Sources */,
				B02E07B516E3878900C6A12E /* DCTCoreDataStack.m in Sources */,
				B02E07B616E3878900C6A12E /* NSManagedObjectContext+DCTCoreDataStack.m in Sources */,
				B02E07C516E399EB00C6A12E /* ESHTTPOperation.m in Sources */,
				B02E07C616E399EB00C6A12E /* ESJSONOperation.m in Sources */,
				B02E07C716E399EB00C6A12E /* ESRunLoopOperation.m in Sources */,
				B02E07C816E399EB00C6A12E /* NSMutableURLRequest+ESNetworking.m in Sources */,
				B02E07CC16E39D7400C6A12E /* ROBKDatabaseUpdater.m in Sources */,
				B00CAA1916E3EF8A009FABC0 /* ROBKPhoto.m in Sources */,
				B00CAA1C16E3F047009FABC0 /* ROBKPhoto+ROBKAdditions.m in Sources */,
				B00CAA2116E3F5D2009FABC0 /* ISO8601DateFormatter.m in Sources */,
			);
			runOnlyForDeploymentPostprocessing = 0;
		};
/* End PBXSourcesBuildPhase section */

/* Begin PBXVariantGroup section */
		B02E078C16E3864400C6A12E /* InfoPlist.strings */ = {
			isa = PBXVariantGroup;
			children = (
				B02E078D16E3864400C6A12E /* en */,
			);
			name = InfoPlist.strings;
			sourceTree = "<group>";
		};
		B02E079B16E3864400C6A12E /* MainStoryboard.storyboard */ = {
			isa = PBXVariantGroup;
			children = (
				B02E079C16E3864400C6A12E /* en */,
			);
			name = MainStoryboard.storyboard;
			sourceTree = "<group>";
		};
/* End PBXVariantGroup section */

/* Begin XCBuildConfiguration section */
		B02E07A416E3864400C6A12E /* Debug */ = {
			isa = XCBuildConfiguration;
			buildSettings = {
				ALWAYS_SEARCH_USER_PATHS = NO;
				CLANG_CXX_LANGUAGE_STANDARD = "gnu++0x";
				CLANG_CXX_LIBRARY = "libc++";
				CLANG_ENABLE_OBJC_ARC = YES;
				CLANG_WARN_CONSTANT_CONVERSION = YES;
				CLANG_WARN_EMPTY_BODY = YES;
				CLANG_WARN_ENUM_CONVERSION = YES;
				CLANG_WARN_INT_CONVERSION = YES;
				CLANG_WARN__DUPLICATE_METHOD_MATCH = YES;
				"CODE_SIGN_IDENTITY[sdk=iphoneos*]" = "iPhone Developer";
				COPY_PHASE_STRIP = NO;
				GCC_C_LANGUAGE_STANDARD = gnu99;
				GCC_DYNAMIC_NO_PIC = NO;
				GCC_OPTIMIZATION_LEVEL = 0;
				GCC_PREPROCESSOR_DEFINITIONS = (
					"DEBUG=1",
					"$(inherited)",
				);
				GCC_SYMBOLS_PRIVATE_EXTERN = NO;
				GCC_WARN_ABOUT_RETURN_TYPE = YES;
				GCC_WARN_UNINITIALIZED_AUTOS = YES;
				GCC_WARN_UNUSED_VARIABLE = YES;
				IPHONEOS_DEPLOYMENT_TARGET = 6.1;
				ONLY_ACTIVE_ARCH = YES;
				RUN_CLANG_STATIC_ANALYZER = YES;
				SDKROOT = iphoneos;
				WARNING_CFLAGS = (
					"-Weverything",
					"-Wno-objc-missing-property-synthesis",
					"-Wno-direct-ivar-access",
					"-Wno-readonly-setter-attrs",
					"-Wno-gnu",
					"-Wno-custom-atomic-properties",
					"-Wno-objc-interface-ivars",
				);
			};
			name = Debug;
		};
		B02E07A516E3864400C6A12E /* Release */ = {
			isa = XCBuildConfiguration;
			buildSettings = {
				ALWAYS_SEARCH_USER_PATHS = NO;
				CLANG_CXX_LANGUAGE_STANDARD = "gnu++0x";
				CLANG_CXX_LIBRARY = "libc++";
				CLANG_ENABLE_OBJC_ARC = YES;
				CLANG_WARN_CONSTANT_CONVERSION = YES;
				CLANG_WARN_EMPTY_BODY = YES;
				CLANG_WARN_ENUM_CONVERSION = YES;
				CLANG_WARN_INT_CONVERSION = YES;
				CLANG_WARN__DUPLICATE_METHOD_MATCH = YES;
				"CODE_SIGN_IDENTITY[sdk=iphoneos*]" = "iPhone Developer";
				COPY_PHASE_STRIP = YES;
				GCC_C_LANGUAGE_STANDARD = gnu99;
				GCC_WARN_ABOUT_RETURN_TYPE = YES;
				GCC_WARN_UNINITIALIZED_AUTOS = YES;
				GCC_WARN_UNUSED_VARIABLE = YES;
				IPHONEOS_DEPLOYMENT_TARGET = 6.1;
				OTHER_CFLAGS = "-DNS_BLOCK_ASSERTIONS=1";
				RUN_CLANG_STATIC_ANALYZER = YES;
				SDKROOT = iphoneos;
				VALIDATE_PRODUCT = YES;
				WARNING_CFLAGS = (
					"-Weverything",
					"-Wno-objc-missing-property-synthesis",
					"-Wno-direct-ivar-access",
					"-Wno-readonly-setter-attrs",
					"-Wno-gnu",
					"-Wno-custom-atomic-properties",
					"-Wno-objc-interface-ivars",
				);
			};
			name = Release;
		};
		B02E07A716E3864400C6A12E /* Debug */ = {
			isa = XCBuildConfiguration;
			buildSettings = {
				GCC_PRECOMPILE_PREFIX_HEADER = YES;
				GCC_PREFIX_HEADER = "XcodePics/XcodePics-Prefix.pch";
				INFOPLIST_FILE = "XcodePics/XcodePics-Info.plist";
				PRODUCT_NAME = "$(TARGET_NAME)";
				WRAPPER_EXTENSION = app;
			};
			name = Debug;
		};
		B02E07A816E3864400C6A12E /* Release */ = {
			isa = XCBuildConfiguration;
			buildSettings = {
				GCC_PRECOMPILE_PREFIX_HEADER = YES;
				GCC_PREFIX_HEADER = "XcodePics/XcodePics-Prefix.pch";
				INFOPLIST_FILE = "XcodePics/XcodePics-Info.plist";
				PRODUCT_NAME = "$(TARGET_NAME)";
				WRAPPER_EXTENSION = app;
			};
			name = Release;
		};
/* End XCBuildConfiguration section */

/* Begin XCConfigurationList section */
		B02E077B16E3864400C6A12E /* Build configuration list for PBXProject "XcodePics" */ = {
			isa = XCConfigurationList;
			buildConfigurations = (
				B02E07A416E3864400C6A12E /* Debug */,
				B02E07A516E3864400C6A12E /* Release */,
			);
			defaultConfigurationIsVisible = 0;
			defaultConfigurationName = Release;
		};
		B02E07A616E3864400C6A12E /* Build configuration list for PBXNativeTarget "XcodePics" */ = {
			isa = XCConfigurationList;
			buildConfigurations = (
				B02E07A716E3864400C6A12E /* Debug */,
				B02E07A816E3864400C6A12E /* Release */,
			);
			defaultConfigurationIsVisible = 0;
			defaultConfigurationName = Release;
		};
/* End XCConfigurationList section */

/* Begin XCVersionGroup section */
		B02E07A916E3870E00C6A12E /* XcodePics.xcdatamodeld */ = {
			isa = XCVersionGroup;
			children = (
				B02E07AA16E3870E00C6A12E /* XcodePics.xcdatamodel */,
			);
			currentVersion = B02E07AA16E3870E00C6A12E /* XcodePics.xcdatamodel */;
			path = XcodePics.xcdatamodeld;
			sourceTree = "<group>";
			versionGroupType = wrapper.xcdatamodel;
		};
/* End XCVersionGroup section */
	};
	rootObject = B02E077816E3864400C6A12E /* Project object */;
}
